Microsoft Visual Studio Solution File, Format Version 12.00
# Visual Studio Version 17
VisualStudioVersion = 17.5.2.0
MinimumVisualStudioVersion = 10.0.40219.1
Project("{FAE04EC0-301F-11D3-BF4B-00C04F79EFBC}") = "PropMan", "PropMan.csproj", "{B073E33D-CFDD-83B4-4EF7-73726A7C5D27}"
EndProject
Global
	GlobalSection(SolutionConfigurationPlatforms) = preSolution
		Debug|Any CPU = Debug|Any CPU
		Release|Any CPU = Release|Any CPU
	EndGlobalSection
	GlobalSection(ProjectConfigurationPlatforms) = postSolution
		{B073E33D-CFDD-83B4-4EF7-73726A7C5D27}.Debug|Any CPU.ActiveCfg = Debug|Any CPU
		{B073E33D-CFDD-83B4-4EF7-73726A7C5D27}.Debug|Any CPU.Build.0 = Debug|Any CPU
		{B073E33D-CFDD-83B4-4EF7-73726A7C5D27}.Release|Any CPU.ActiveCfg = Release|Any CPU
		{B073E33D-CFDD-83B4-4EF7-73726A7C5D27}.Release|Any CPU.Build.0 = Release|Any CPU
	EndGlobalSection
	GlobalSection(SolutionProperties) = preSolution
		HideSolutionNode = FALSE
	EndGlobalSection
	GlobalSection(ExtensibilityGlobals) = postSolution
		SolutionGuid = {F2D43807-7119-4D20-A569-BEB2046FF85C}
	EndGlobalSection
EndGlobal
